{
  "requires": true,
  "lockfileVersion": 1,
  "dependencies": {
    "@marfle/react-leaflet-nmscale": {
      "version": "2.0.0",
      "resolved": "https://registry.npmjs.org/@marfle/react-leaflet-nmscale/-/react-leaflet-nmscale-2.0.0.tgz",
      "integrity": "sha512-21M2liCNyFqiQ3ju2h5GzB9feKw+bB+fZezZbR14o5+fVmkULRfSSetEN1Zye28GI30c2VaC0Y9DpHk+XJhVKw=="
    }
  }
}
